
Microsoft Visual Studio Solution File, Format Version 15.00
# Visual Studio 2012
Project("{FAE04EC0-301F-11D3-BF4B-00C04F79EFBC}") = "osu-framework-native", "osu-framework-native\osu-framework-native.csproj", "{90792A8D-7285-4234-9423-E176AF163DDB}"
EndProject
Global
	GlobalSection(SolutionConfigurationPlatforms) = preSolution
		Debug|Any CPU = Debug|Any CPU
		Release|Any CPU = Release|Any CPU
	EndGlobalSection
	GlobalSection(ProjectConfigurationPlatforms) = postSolution
		{90792A8D-7285-4234-9423-E176AF163DDB}.Debug|Any CPU.ActiveCfg = Debug|Any CPU
		{90792A8D-7285-4234-9423-E176AF163DDB}.Debug|Any CPU.Build.0 = Debug|Any CPU
		{90792A8D-7285-4234-9423-E176AF163DDB}.Release|Any CPU.ActiveCfg = Release|Any CPU
		{90792A8D-7285-4234-9423-E176AF163DDB}.Release|Any CPU.Build.0 = Release|Any CPU
	EndGlobalSection
EndGlobal
