
Microsoft Visual Studio Solution File, Format Version 12.00
# Visual Studio Version 16
VisualStudioVersion = 16.0.29409.12
MinimumVisualStudioVersion = 10.0.40219.1
Project("{9A19103F-16F7-4668-BE54-9A1E7A4F7556}") = "osu.Framework", "osu.Framework\osu.Framework.csproj", "{C76BF5B3-985E-4D39-95FE-97C9C879B83A}"
EndProject
Project("{9A19103F-16F7-4668-BE54-9A1E7A4F7556}") = "SampleGame", "SampleGame\SampleGame.csproj", "{2A66DD92-ADB1-4994-89E2-C94E04ACDA0D}"
EndProject
Project("{9A19103F-16F7-4668-BE54-9A1E7A4F7556}") = "osu.Framework.Tests", "osu.Framework.Tests\osu.Framework.Tests.csproj", "{79803407-6F50-484F-93F5-641911EABD8A}"
EndProject
Project("{9A19103F-16F7-4668-BE54-9A1E7A4F7556}") = "SampleGame.Desktop", "SampleGame.Desktop\SampleGame.Desktop.csproj", "{2AD6EA6F-CD5A-4348-86F1-5E228B11617D}"
EndProject
Project("{9A19103F-16F7-4668-BE54-9A1E7A4F7556}") = "osu.Framework.NativeLibs", "osu.Framework.NativeLibs\osu.Framework.NativeLibs.csproj", "{F853B4BB-CB83-4169-8FD2-72EEB4A88C32}"
EndProject
Project("{9A19103F-16F7-4668-BE54-9A1E7A4F7556}") = "osu.Framework.iOS", "osu.Framework.iOS\osu.Framework.iOS.csproj", "{BBC0D18F-8595-43A6-AE61-5BF36A072CCE}"
EndProject
Project("{FAE04EC0-301F-11D3-BF4B-00C04F79EFBC}") = "SampleGame.iOS", "SampleGame.iOS\SampleGame.iOS.csproj", "{529D5E2E-774A-4831-9C9E-59E3E8DFF155}"
EndProject
Project("{FAE04EC0-301F-11D3-BF4B-00C04F79EFBC}") = "osu.Framework.Tests.iOS", "osu.Framework.Tests.iOS\osu.Framework.Tests.iOS.csproj", "{D972753E-45FC-4B82-B017-34BDE485F1BB}"
EndProject
Project("{9A19103F-16F7-4668-BE54-9A1E7A4F7556}") = "osu.Framework.Android", "osu.Framework.Android\osu.Framework.Android.csproj", "{4D112E30-462B-4264-B44D-53B61ABB185E}"
EndProject
Project("{FAE04EC0-301F-11D3-BF4B-00C04F79EFBC}") = "SampleGame.Android", "SampleGame.Android\SampleGame.Android.csproj", "{5A378BB7-11D6-4008-980E-A67507CD9969}"
EndProject
Project("{FAE04EC0-301F-11D3-BF4B-00C04F79EFBC}") = "osu.Framework.Tests.Android", "osu.Framework.Tests.Android\osu.Framework.Tests.Android.csproj", "{320089C6-A141-4D3E-BD5F-C4A6CE9E567B}"
EndProject
Project("{2150E333-8FDC-42A3-9474-1A3956D46DE8}") = "Solution Items", "Solution Items", "{D29A2153-C171-457E-A147-720976BA430F}"
	ProjectSection(SolutionItems) = preProject
		.editorconfig = .editorconfig
		.globalconfig = .globalconfig
		Directory.Build.props = Directory.Build.props
		.config\dotnet-tools.json = .config\dotnet-tools.json
		CodeAnalysis\osu-framework.ruleset = CodeAnalysis\osu-framework.ruleset
		osu-framework.sln.DotSettings = osu-framework.sln.DotSettings
		osu.Framework.Android.props = osu.Framework.Android.props
		osu.Framework.iOS.props = osu.Framework.iOS.props
	EndProjectSection
EndProject
Project("{FAE04EC0-301F-11D3-BF4B-00C04F79EFBC}") = "osu.Framework.Benchmarks", "osu.Framework.Benchmarks\osu.Framework.Benchmarks.csproj", "{F294C804-8AE2-4020-841A-AF0D97FBE80C}"
EndProject
Project("{FAE04EC0-301F-11D3-BF4B-00C04F79EFBC}") = "osu.Framework.Templates", "osu.Framework.Templates\osu.Framework.Templates.csproj", "{A95175BB-95D0-44B4-8B82-EABD166943DA}"
EndProject
Project("{2150E333-8FDC-42A3-9474-1A3956D46DE8}") = "Templates", "Templates", "{454655D7-6244-47A2-A379-3D019FBD6DD2}"
EndProject
Project("{FAE04EC0-301F-11D3-BF4B-00C04F79EFBC}") = "TemplateGame.Game", "osu.Framework.Templates\templates\template-empty\TemplateGame.Game\TemplateGame.Game.csproj", "{6BEB95A6-0673-4AF5-892E-9146FF8B0948}"
EndProject
Project("{FAE04EC0-301F-11D3-BF4B-00C04F79EFBC}") = "TemplateGame.Game.Tests", "osu.Framework.Templates\templates\template-empty\TemplateGame.Game.Tests\TemplateGame.Game.Tests.csproj", "{FC0A9040-7BAF-4524-B398-8C7A1C7DDEE9}"
EndProject
Project("{FAE04EC0-301F-11D3-BF4B-00C04F79EFBC}") = "TemplateGame.Resources", "osu.Framework.Templates\templates\template-empty\TemplateGame.Resources\TemplateGame.Resources.csproj", "{6E3EBF71-8664-49D7-BD0D-2B21B3EEC540}"
EndProject
Project("{FAE04EC0-301F-11D3-BF4B-00C04F79EFBC}") = "TemplateGame.Desktop", "osu.Framework.Templates\templates\template-empty\TemplateGame.Desktop\TemplateGame.Desktop.csproj", "{55AB973D-ECA0-422B-B367-24BC47DA081B}"
EndProject
Project("{2150E333-8FDC-42A3-9474-1A3956D46DE8}") = "Empty", "Empty", "{5307589D-87A1-459B-BBD2-1077AA25EB1E}"
EndProject
Project("{2150E333-8FDC-42A3-9474-1A3956D46DE8}") = "FlappyDon", "FlappyDon", "{139F6FAA-EF59-4ADC-A69B-33CA7D1C1D4E}"
EndProject
Project("{FAE04EC0-301F-11D3-BF4B-00C04F79EFBC}") = "FlappyDon.Resources", "osu.Framework.Templates\templates\template-flappy\FlappyDon.Resources\FlappyDon.Resources.csproj", "{4C728441-4C3D-4AE4-9C0F-EA91E2C70965}"
EndProject
Project("{FAE04EC0-301F-11D3-BF4B-00C04F79EFBC}") = "FlappyDon.Game", "osu.Framework.Templates\templates\template-flappy\FlappyDon.Game\FlappyDon.Game.csproj", "{7809CB42-8FED-4BB7-8C68-7638357B94A6}"
EndProject
Project("{FAE04EC0-301F-11D3-BF4B-00C04F79EFBC}") = "FlappyDon.Game.Tests", "osu.Framework.Templates\templates\template-flappy\FlappyDon.Game.Tests\FlappyDon.Game.Tests.csproj", "{9E4B69EE-34E6-47CF-8346-2A66D1714FCD}"
EndProject
Project("{FAE04EC0-301F-11D3-BF4B-00C04F79EFBC}") = "FlappyDon.Desktop", "osu.Framework.Templates\templates\template-flappy\FlappyDon.Desktop\FlappyDon.Desktop.csproj", "{0309CF11-621A-4F23-8FBA-A583303A8531}"
EndProject
Project("{FAE04EC0-301F-11D3-BF4B-00C04F79EFBC}") = "TemplateGame.iOS", "osu.Framework.Templates\templates\template-empty\TemplateGame.iOS\TemplateGame.iOS.csproj", "{7AA1DB5D-78DB-4693-AE50-D6078F5A0CAB}"
EndProject
Project("{FAE04EC0-301F-11D3-BF4B-00C04F79EFBC}") = "FlappyDon.iOS", "osu.Framework.Templates\templates\template-flappy\FlappyDon.iOS\FlappyDon.iOS.csproj", "{48783186-230D-4048-A97A-E4F1DF43BF5C}"
EndProject
Global
	GlobalSection(SolutionConfigurationPlatforms) = preSolution
		Debug|Any CPU = Debug|Any CPU
		Debug|iPhone = Debug|iPhone
		Debug|iPhoneSimulator = Debug|iPhoneSimulator
		Release|Any CPU = Release|Any CPU
		Release|iPhone = Release|iPhone
		Release|iPhoneSimulator = Release|iPhoneSimulator
	EndGlobalSection
	GlobalSection(ProjectConfigurationPlatforms) = postSolution
		{C76BF5B3-985E-4D39-95FE-97C9C879B83A}.Debug|Any CPU.ActiveCfg = Debug|Any CPU
		{C76BF5B3-985E-4D39-95FE-97C9C879B83A}.Debug|Any CPU.Build.0 = Debug|Any CPU
		{C76BF5B3-985E-4D39-95FE-97C9C879B83A}.Debug|iPhone.ActiveCfg = Debug|Any CPU
		{C76BF5B3-985E-4D39-95FE-97C9C879B83A}.Debug|iPhone.Build.0 = Debug|Any CPU
		{C76BF5B3-985E-4D39-95FE-97C9C879B83A}.Debug|iPhoneSimulator.ActiveCfg = Debug|Any CPU
		{C76BF5B3-985E-4D39-95FE-97C9C879B83A}.Debug|iPhoneSimulator.Build.0 = Debug|Any CPU
		{C76BF5B3-985E-4D39-95FE-97C9C879B83A}.Release|Any CPU.ActiveCfg = Release|Any CPU
		{C76BF5B3-985E-4D39-95FE-97C9C879B83A}.Release|Any CPU.Build.0 = Release|Any CPU
		{C76BF5B3-985E-4D39-95FE-97C9C879B83A}.Release|iPhone.ActiveCfg = Release|Any CPU
		{C76BF5B3-985E-4D39-95FE-97C9C879B83A}.Release|iPhone.Build.0 = Release|Any CPU
		{C76BF5B3-985E-4D39-95FE-97C9C879B83A}.Release|iPhoneSimulator.ActiveCfg = Release|Any CPU
		{C76BF5B3-985E-4D39-95FE-97C9C879B83A}.Release|iPhoneSimulator.Build.0 = Release|Any CPU
		{2A66DD92-ADB1-4994-89E2-C94E04ACDA0D}.Debug|Any CPU.ActiveCfg = Debug|Any CPU
		{2A66DD92-ADB1-4994-89E2-C94E04ACDA0D}.Debug|Any CPU.Build.0 = Debug|Any CPU
		{2A66DD92-ADB1-4994-89E2-C94E04ACDA0D}.Debug|iPhone.ActiveCfg = Debug|Any CPU
		{2A66DD92-ADB1-4994-89E2-C94E04ACDA0D}.Debug|iPhone.Build.0 = Debug|Any CPU
		{2A66DD92-ADB1-4994-89E2-C94E04ACDA0D}.Debug|iPhoneSimulator.ActiveCfg = Debug|Any CPU
		{2A66DD92-ADB1-4994-89E2-C94E04ACDA0D}.Debug|iPhoneSimulator.Build.0 = Debug|Any CPU
		{2A66DD92-ADB1-4994-89E2-C94E04ACDA0D}.Release|Any CPU.ActiveCfg = Release|Any CPU
		{2A66DD92-ADB1-4994-89E2-C94E04ACDA0D}.Release|Any CPU.Build.0 = Release|Any CPU
		{2A66DD92-ADB1-4994-89E2-C94E04ACDA0D}.Release|iPhone.ActiveCfg = Release|Any CPU
		{2A66DD92-ADB1-4994-89E2-C94E04ACDA0D}.Release|iPhone.Build.0 = Release|Any CPU
		{2A66DD92-ADB1-4994-89E2-C94E04ACDA0D}.Release|iPhoneSimulator.ActiveCfg = Release|Any CPU
		{2A66DD92-ADB1-4994-89E2-C94E04ACDA0D}.Release|iPhoneSimulator.Build.0 = Release|Any CPU
		{79803407-6F50-484F-93F5-641911EABD8A}.Debug|Any CPU.ActiveCfg = Debug|Any CPU
		{79803407-6F50-484F-93F5-641911EABD8A}.Debug|Any CPU.Build.0 = Debug|Any CPU
		{79803407-6F50-484F-93F5-641911EABD8A}.Debug|iPhone.ActiveCfg = Debug|Any CPU
		{79803407-6F50-484F-93F5-641911EABD8A}.Debug|iPhone.Build.0 = Debug|Any CPU
		{79803407-6F50-484F-93F5-641911EABD8A}.Debug|iPhoneSimulator.ActiveCfg = Debug|Any CPU
		{79803407-6F50-484F-93F5-641911EABD8A}.Debug|iPhoneSimulator.Build.0 = Debug|Any CPU
		{79803407-6F50-484F-93F5-641911EABD8A}.Release|Any CPU.ActiveCfg = Release|Any CPU
		{79803407-6F50-484F-93F5-641911EABD8A}.Release|Any CPU.Build.0 = Release|Any CPU
		{79803407-6F50-484F-93F5-641911EABD8A}.Release|iPhone.ActiveCfg = Release|Any CPU
		{79803407-6F50-484F-93F5-641911EABD8A}.Release|iPhone.Build.0 = Release|Any CPU
		{79803407-6F50-484F-93F5-641911EABD8A}.Release|iPhoneSimulator.ActiveCfg = Release|Any CPU
		{79803407-6F50-484F-93F5-641911EABD8A}.Release|iPhoneSimulator.Build.0 = Release|Any CPU
		{2AD6EA6F-CD5A-4348-86F1-5E228B11617D}.Debug|Any CPU.ActiveCfg = Debug|Any CPU
		{2AD6EA6F-CD5A-4348-86F1-5E228B11617D}.Debug|Any CPU.Build.0 = Debug|Any CPU
		{2AD6EA6F-CD5A-4348-86F1-5E228B11617D}.Debug|iPhone.ActiveCfg = Debug|Any CPU
		{2AD6EA6F-CD5A-4348-86F1-5E228B11617D}.Debug|iPhone.Build.0 = Debug|Any CPU
		{2AD6EA6F-CD5A-4348-86F1-5E228B11617D}.Debug|iPhoneSimulator.ActiveCfg = Debug|Any CPU
		{2AD6EA6F-CD5A-4348-86F1-5E228B11617D}.Debug|iPhoneSimulator.Build.0 = Debug|Any CPU
		{2AD6EA6F-CD5A-4348-86F1-5E228B11617D}.Release|Any CPU.ActiveCfg = Release|Any CPU
		{2AD6EA6F-CD5A-4348-86F1-5E228B11617D}.Release|Any CPU.Build.0 = Release|Any CPU
		{2AD6EA6F-CD5A-4348-86F1-5E228B11617D}.Release|iPhone.ActiveCfg = Release|Any CPU
		{2AD6EA6F-CD5A-4348-86F1-5E228B11617D}.Release|iPhone.Build.0 = Release|Any CPU
		{2AD6EA6F-CD5A-4348-86F1-5E228B11617D}.Release|iPhoneSimulator.ActiveCfg = Release|Any CPU
		{2AD6EA6F-CD5A-4348-86F1-5E228B11617D}.Release|iPhoneSimulator.Build.0 = Release|Any CPU
		{F853B4BB-CB83-4169-8FD2-72EEB4A88C32}.Debug|Any CPU.ActiveCfg = Debug|Any CPU
		{F853B4BB-CB83-4169-8FD2-72EEB4A88C32}.Debug|Any CPU.Build.0 = Debug|Any CPU
		{F853B4BB-CB83-4169-8FD2-72EEB4A88C32}.Debug|iPhone.ActiveCfg = Debug|Any CPU
		{F853B4BB-CB83-4169-8FD2-72EEB4A88C32}.Debug|iPhone.Build.0 = Debug|Any CPU
		{F853B4BB-CB83-4169-8FD2-72EEB4A88C32}.Debug|iPhoneSimulator.ActiveCfg = Debug|Any CPU
		{F853B4BB-CB83-4169-8FD2-72EEB4A88C32}.Debug|iPhoneSimulator.Build.0 = Debug|Any CPU
		{F853B4BB-CB83-4169-8FD2-72EEB4A88C32}.Release|Any CPU.ActiveCfg = Release|Any CPU
		{F853B4BB-CB83-4169-8FD2-72EEB4A88C32}.Release|Any CPU.Build.0 = Release|Any CPU
		{F853B4BB-CB83-4169-8FD2-72EEB4A88C32}.Release|iPhone.ActiveCfg = Release|Any CPU
		{F853B4BB-CB83-4169-8FD2-72EEB4A88C32}.Release|iPhone.Build.0 = Release|Any CPU
		{F853B4BB-CB83-4169-8FD2-72EEB4A88C32}.Release|iPhoneSimulator.ActiveCfg = Release|Any CPU
		{F853B4BB-CB83-4169-8FD2-72EEB4A88C32}.Release|iPhoneSimulator.Build.0 = Release|Any CPU
		{BBC0D18F-8595-43A6-AE61-5BF36A072CCE}.Debug|Any CPU.ActiveCfg = Debug|Any CPU
		{BBC0D18F-8595-43A6-AE61-5BF36A072CCE}.Debug|Any CPU.Build.0 = Debug|Any CPU
		{BBC0D18F-8595-43A6-AE61-5BF36A072CCE}.Debug|iPhone.ActiveCfg = Debug|Any CPU
		{BBC0D18F-8595-43A6-AE61-5BF36A072CCE}.Debug|iPhone.Build.0 = Debug|Any CPU
		{BBC0D18F-8595-43A6-AE61-5BF36A072CCE}.Debug|iPhoneSimulator.ActiveCfg = Debug|Any CPU
		{BBC0D18F-8595-43A6-AE61-5BF36A072CCE}.Debug|iPhoneSimulator.Build.0 = Debug|Any CPU
		{BBC0D18F-8595-43A6-AE61-5BF36A072CCE}.Release|Any CPU.ActiveCfg = Release|Any CPU
		{BBC0D18F-8595-43A6-AE61-5BF36A072CCE}.Release|Any CPU.Build.0 = Release|Any CPU
		{BBC0D18F-8595-43A6-AE61-5BF36A072CCE}.Release|iPhone.ActiveCfg = Release|Any CPU
		{BBC0D18F-8595-43A6-AE61-5BF36A072CCE}.Release|iPhone.Build.0 = Release|Any CPU
		{BBC0D18F-8595-43A6-AE61-5BF36A072CCE}.Release|iPhoneSimulator.ActiveCfg = Release|Any CPU
		{BBC0D18F-8595-43A6-AE61-5BF36A072CCE}.Release|iPhoneSimulator.Build.0 = Release|Any CPU
		{529D5E2E-774A-4831-9C9E-59E3E8DFF155}.Debug|Any CPU.ActiveCfg = Debug|iPhoneSimulator
		{529D5E2E-774A-4831-9C9E-59E3E8DFF155}.Debug|iPhone.ActiveCfg = Debug|iPhone
		{529D5E2E-774A-4831-9C9E-59E3E8DFF155}.Debug|iPhone.Build.0 = Debug|iPhone
		{529D5E2E-774A-4831-9C9E-59E3E8DFF155}.Debug|iPhoneSimulator.ActiveCfg = Debug|iPhoneSimulator
		{529D5E2E-774A-4831-9C9E-59E3E8DFF155}.Debug|iPhoneSimulator.Build.0 = Debug|iPhoneSimulator
		{529D5E2E-774A-4831-9C9E-59E3E8DFF155}.Release|Any CPU.ActiveCfg = Release|iPhoneSimulator
		{529D5E2E-774A-4831-9C9E-59E3E8DFF155}.Release|iPhone.ActiveCfg = Release|iPhone
		{529D5E2E-774A-4831-9C9E-59E3E8DFF155}.Release|iPhone.Build.0 = Release|iPhone
		{529D5E2E-774A-4831-9C9E-59E3E8DFF155}.Release|iPhoneSimulator.ActiveCfg = Release|iPhoneSimulator
		{529D5E2E-774A-4831-9C9E-59E3E8DFF155}.Release|iPhoneSimulator.Build.0 = Release|iPhoneSimulator
		{D972753E-45FC-4B82-B017-34BDE485F1BB}.Debug|Any CPU.ActiveCfg = Debug|iPhoneSimulator
		{D972753E-45FC-4B82-B017-34BDE485F1BB}.Debug|iPhone.ActiveCfg = Debug|iPhone
		{D972753E-45FC-4B82-B017-34BDE485F1BB}.Debug|iPhone.Build.0 = Debug|iPhone
		{D972753E-45FC-4B82-B017-34BDE485F1BB}.Debug|iPhoneSimulator.ActiveCfg = Debug|iPhoneSimulator
		{D972753E-45FC-4B82-B017-34BDE485F1BB}.Debug|iPhoneSimulator.Build.0 = Debug|iPhoneSimulator
		{D972753E-45FC-4B82-B017-34BDE485F1BB}.Release|Any CPU.ActiveCfg = Release|iPhoneSimulator
		{D972753E-45FC-4B82-B017-34BDE485F1BB}.Release|iPhone.ActiveCfg = Release|iPhone
		{D972753E-45FC-4B82-B017-34BDE485F1BB}.Release|iPhone.Build.0 = Release|iPhone
		{D972753E-45FC-4B82-B017-34BDE485F1BB}.Release|iPhoneSimulator.ActiveCfg = Release|iPhoneSimulator
		{D972753E-45FC-4B82-B017-34BDE485F1BB}.Release|iPhoneSimulator.Build.0 = Release|iPhoneSimulator
		{4D112E30-462B-4264-B44D-53B61ABB185E}.Debug|Any CPU.ActiveCfg = Debug|Any CPU
		{4D112E30-462B-4264-B44D-53B61ABB185E}.Debug|Any CPU.Build.0 = Debug|Any CPU
		{4D112E30-462B-4264-B44D-53B61ABB185E}.Debug|iPhone.ActiveCfg = Debug|Any CPU
		{4D112E30-462B-4264-B44D-53B61ABB185E}.Debug|iPhone.Build.0 = Debug|Any CPU
		{4D112E30-462B-4264-B44D-53B61ABB185E}.Debug|iPhoneSimulator.ActiveCfg = Debug|Any CPU
		{4D112E30-462B-4264-B44D-53B61ABB185E}.Debug|iPhoneSimulator.Build.0 = Debug|Any CPU
		{4D112E30-462B-4264-B44D-53B61ABB185E}.Release|Any CPU.ActiveCfg = Release|Any CPU
		{4D112E30-462B-4264-B44D-53B61ABB185E}.Release|Any CPU.Build.0 = Release|Any CPU
		{4D112E30-462B-4264-B44D-53B61ABB185E}.Release|iPhone.ActiveCfg = Release|Any CPU
		{4D112E30-462B-4264-B44D-53B61ABB185E}.Release|iPhone.Build.0 = Release|Any CPU
		{4D112E30-462B-4264-B44D-53B61ABB185E}.Release|iPhoneSimulator.ActiveCfg = Release|Any CPU
		{4D112E30-462B-4264-B44D-53B61ABB185E}.Release|iPhoneSimulator.Build.0 = Release|Any CPU
		{5A378BB7-11D6-4008-980E-A67507CD9969}.Debug|Any CPU.ActiveCfg = Debug|Any CPU
		{5A378BB7-11D6-4008-980E-A67507CD9969}.Debug|Any CPU.Build.0 = Debug|Any CPU
		{5A378BB7-11D6-4008-980E-A67507CD9969}.Debug|Any CPU.Deploy.0 = Debug|Any CPU
		{5A378BB7-11D6-4008-980E-A67507CD9969}.Debug|iPhone.ActiveCfg = Debug|Any CPU
		{5A378BB7-11D6-4008-980E-A67507CD9969}.Debug|iPhoneSimulator.ActiveCfg = Debug|Any CPU
		{5A378BB7-11D6-4008-980E-A67507CD9969}.Release|Any CPU.ActiveCfg = Release|Any CPU
		{5A378BB7-11D6-4008-980E-A67507CD9969}.Release|Any CPU.Build.0 = Release|Any CPU
		{5A378BB7-11D6-4008-980E-A67507CD9969}.Release|Any CPU.Deploy.0 = Release|Any CPU
		{5A378BB7-11D6-4008-980E-A67507CD9969}.Release|iPhone.ActiveCfg = Release|Any CPU
		{5A378BB7-11D6-4008-980E-A67507CD9969}.Release|iPhoneSimulator.ActiveCfg = Release|Any CPU
		{320089C6-A141-4D3E-BD5F-C4A6CE9E567B}.Debug|Any CPU.ActiveCfg = Debug|Any CPU
		{320089C6-A141-4D3E-BD5F-C4A6CE9E567B}.Debug|Any CPU.Build.0 = Debug|Any CPU
		{320089C6-A141-4D3E-BD5F-C4A6CE9E567B}.Debug|Any CPU.Deploy.0 = Debug|Any CPU
		{320089C6-A141-4D3E-BD5F-C4A6CE9E567B}.Debug|iPhone.ActiveCfg = Debug|Any CPU
		{320089C6-A141-4D3E-BD5F-C4A6CE9E567B}.Debug|iPhoneSimulator.ActiveCfg = Debug|Any CPU
		{320089C6-A141-4D3E-BD5F-C4A6CE9E567B}.Release|Any CPU.ActiveCfg = Release|Any CPU
		{320089C6-A141-4D3E-BD5F-C4A6CE9E567B}.Release|Any CPU.Build.0 = Release|Any CPU
		{320089C6-A141-4D3E-BD5F-C4A6CE9E567B}.Release|Any CPU.Deploy.0 = Release|Any CPU
		{320089C6-A141-4D3E-BD5F-C4A6CE9E567B}.Release|iPhone.ActiveCfg = Release|Any CPU
		{320089C6-A141-4D3E-BD5F-C4A6CE9E567B}.Release|iPhoneSimulator.ActiveCfg = Release|Any CPU
		{F294C804-8AE2-4020-841A-AF0D97FBE80C}.Debug|Any CPU.ActiveCfg = Debug|Any CPU
		{F294C804-8AE2-4020-841A-AF0D97FBE80C}.Debug|Any CPU.Build.0 = Debug|Any CPU
		{F294C804-8AE2-4020-841A-AF0D97FBE80C}.Debug|iPhone.ActiveCfg = Debug|Any CPU
		{F294C804-8AE2-4020-841A-AF0D97FBE80C}.Debug|iPhone.Build.0 = Debug|Any CPU
		{F294C804-8AE2-4020-841A-AF0D97FBE80C}.Debug|iPhoneSimulator.ActiveCfg = Debug|Any CPU
		{F294C804-8AE2-4020-841A-AF0D97FBE80C}.Debug|iPhoneSimulator.Build.0 = Debug|Any CPU
		{F294C804-8AE2-4020-841A-AF0D97FBE80C}.Release|Any CPU.ActiveCfg = Release|Any CPU
		{F294C804-8AE2-4020-841A-AF0D97FBE80C}.Release|Any CPU.Build.0 = Release|Any CPU
		{F294C804-8AE2-4020-841A-AF0D97FBE80C}.Release|iPhone.ActiveCfg = Release|Any CPU
		{F294C804-8AE2-4020-841A-AF0D97FBE80C}.Release|iPhone.Build.0 = Release|Any CPU
		{F294C804-8AE2-4020-841A-AF0D97FBE80C}.Release|iPhoneSimulator.ActiveCfg = Release|Any CPU
		{F294C804-8AE2-4020-841A-AF0D97FBE80C}.Release|iPhoneSimulator.Build.0 = Release|Any CPU
		{A95175BB-95D0-44B4-8B82-EABD166943DA}.Debug|Any CPU.ActiveCfg = Debug|Any CPU
		{A95175BB-95D0-44B4-8B82-EABD166943DA}.Debug|Any CPU.Build.0 = Debug|Any CPU
		{A95175BB-95D0-44B4-8B82-EABD166943DA}.Debug|iPhone.ActiveCfg = Debug|Any CPU
		{A95175BB-95D0-44B4-8B82-EABD166943DA}.Debug|iPhoneSimulator.ActiveCfg = Debug|Any CPU
		{A95175BB-95D0-44B4-8B82-EABD166943DA}.Release|Any CPU.ActiveCfg = Release|Any CPU
		{A95175BB-95D0-44B4-8B82-EABD166943DA}.Release|Any CPU.Build.0 = Release|Any CPU
		{A95175BB-95D0-44B4-8B82-EABD166943DA}.Release|iPhone.ActiveCfg = Release|Any CPU
		{A95175BB-95D0-44B4-8B82-EABD166943DA}.Release|iPhoneSimulator.ActiveCfg = Release|Any CPU
		{7AA1DB5D-78DB-4693-AE50-D6078F5A0CAB}.Debug|Any CPU.ActiveCfg = Debug|iPhoneSimulator
		{7AA1DB5D-78DB-4693-AE50-D6078F5A0CAB}.Debug|iPhone.ActiveCfg = Debug|iPhone
		{7AA1DB5D-78DB-4693-AE50-D6078F5A0CAB}.Debug|iPhoneSimulator.ActiveCfg = Debug|iPhoneSimulator
		{7AA1DB5D-78DB-4693-AE50-D6078F5A0CAB}.Release|Any CPU.ActiveCfg = Release|Any CPU
		{7AA1DB5D-78DB-4693-AE50-D6078F5A0CAB}.Release|iPhone.ActiveCfg = Release|iPhone
		{7AA1DB5D-78DB-4693-AE50-D6078F5A0CAB}.Release|iPhoneSimulator.ActiveCfg = Release|iPhoneSimulator
		{48783186-230D-4048-A97A-E4F1DF43BF5C}.Debug|Any CPU.ActiveCfg = Debug|iPhoneSimulator
		{48783186-230D-4048-A97A-E4F1DF43BF5C}.Debug|iPhone.ActiveCfg = Debug|iPhone
		{48783186-230D-4048-A97A-E4F1DF43BF5C}.Debug|iPhoneSimulator.ActiveCfg = Debug|iPhoneSimulator
		{48783186-230D-4048-A97A-E4F1DF43BF5C}.Release|Any CPU.ActiveCfg = Release|Any CPU
		{48783186-230D-4048-A97A-E4F1DF43BF5C}.Release|iPhone.ActiveCfg = Release|iPhone
		{48783186-230D-4048-A97A-E4F1DF43BF5C}.Release|iPhoneSimulator.ActiveCfg = Release|iPhoneSimulator
		{6BEB95A6-0673-4AF5-892E-9146FF8B0948}.Debug|Any CPU.ActiveCfg = Debug|Any CPU
		{6BEB95A6-0673-4AF5-892E-9146FF8B0948}.Debug|Any CPU.Build.0 = Debug|Any CPU
		{6BEB95A6-0673-4AF5-892E-9146FF8B0948}.Debug|iPhone.ActiveCfg = Debug|Any CPU
		{6BEB95A6-0673-4AF5-892E-9146FF8B0948}.Debug|iPhone.Build.0 = Debug|Any CPU
		{6BEB95A6-0673-4AF5-892E-9146FF8B0948}.Debug|iPhoneSimulator.ActiveCfg = Debug|Any CPU
		{6BEB95A6-0673-4AF5-892E-9146FF8B0948}.Debug|iPhoneSimulator.Build.0 = Debug|Any CPU
		{6BEB95A6-0673-4AF5-892E-9146FF8B0948}.Release|Any CPU.ActiveCfg = Release|Any CPU
		{6BEB95A6-0673-4AF5-892E-9146FF8B0948}.Release|Any CPU.Build.0 = Release|Any CPU
		{6BEB95A6-0673-4AF5-892E-9146FF8B0948}.Release|iPhone.ActiveCfg = Release|Any CPU
		{6BEB95A6-0673-4AF5-892E-9146FF8B0948}.Release|iPhone.Build.0 = Release|Any CPU
		{6BEB95A6-0673-4AF5-892E-9146FF8B0948}.Release|iPhoneSimulator.ActiveCfg = Release|Any CPU
		{6BEB95A6-0673-4AF5-892E-9146FF8B0948}.Release|iPhoneSimulator.Build.0 = Release|Any CPU
		{6E3EBF71-8664-49D7-BD0D-2B21B3EEC540}.Debug|Any CPU.ActiveCfg = Debug|Any CPU
		{6E3EBF71-8664-49D7-BD0D-2B21B3EEC540}.Debug|Any CPU.Build.0 = Debug|Any CPU
		{6E3EBF71-8664-49D7-BD0D-2B21B3EEC540}.Debug|iPhone.ActiveCfg = Debug|Any CPU
		{6E3EBF71-8664-49D7-BD0D-2B21B3EEC540}.Debug|iPhone.Build.0 = Debug|Any CPU
		{6E3EBF71-8664-49D7-BD0D-2B21B3EEC540}.Debug|iPhoneSimulator.ActiveCfg = Debug|Any CPU
		{6E3EBF71-8664-49D7-BD0D-2B21B3EEC540}.Debug|iPhoneSimulator.Build.0 = Debug|Any CPU
		{6E3EBF71-8664-49D7-BD0D-2B21B3EEC540}.Release|Any CPU.ActiveCfg = Release|Any CPU
		{6E3EBF71-8664-49D7-BD0D-2B21B3EEC540}.Release|Any CPU.Build.0 = Release|Any CPU
		{6E3EBF71-8664-49D7-BD0D-2B21B3EEC540}.Release|iPhone.ActiveCfg = Release|Any CPU
		{6E3EBF71-8664-49D7-BD0D-2B21B3EEC540}.Release|iPhone.Build.0 = Release|Any CPU
		{6E3EBF71-8664-49D7-BD0D-2B21B3EEC540}.Release|iPhoneSimulator.ActiveCfg = Release|Any CPU
		{6E3EBF71-8664-49D7-BD0D-2B21B3EEC540}.Release|iPhoneSimulator.Build.0 = Release|Any CPU
		{55AB973D-ECA0-422B-B367-24BC47DA081B}.Debug|Any CPU.ActiveCfg = Debug|Any CPU
		{55AB973D-ECA0-422B-B367-24BC47DA081B}.Debug|Any CPU.Build.0 = Debug|Any CPU
		{55AB973D-ECA0-422B-B367-24BC47DA081B}.Debug|iPhone.ActiveCfg = Debug|Any CPU
		{55AB973D-ECA0-422B-B367-24BC47DA081B}.Debug|iPhone.Build.0 = Debug|Any CPU
		{55AB973D-ECA0-422B-B367-24BC47DA081B}.Debug|iPhoneSimulator.ActiveCfg = Debug|Any CPU
		{55AB973D-ECA0-422B-B367-24BC47DA081B}.Debug|iPhoneSimulator.Build.0 = Debug|Any CPU
		{55AB973D-ECA0-422B-B367-24BC47DA081B}.Release|Any CPU.ActiveCfg = Release|Any CPU
		{55AB973D-ECA0-422B-B367-24BC47DA081B}.Release|Any CPU.Build.0 = Release|Any CPU
		{55AB973D-ECA0-422B-B367-24BC47DA081B}.Release|iPhone.ActiveCfg = Release|Any CPU
		{55AB973D-ECA0-422B-B367-24BC47DA081B}.Release|iPhone.Build.0 = Release|Any CPU
		{55AB973D-ECA0-422B-B367-24BC47DA081B}.Release|iPhoneSimulator.ActiveCfg = Release|Any CPU
		{55AB973D-ECA0-422B-B367-24BC47DA081B}.Release|iPhoneSimulator.Build.0 = Release|Any CPU
		{FC0A9040-7BAF-4524-B398-8C7A1C7DDEE9}.Debug|Any CPU.ActiveCfg = Debug|Any CPU
		{FC0A9040-7BAF-4524-B398-8C7A1C7DDEE9}.Debug|Any CPU.Build.0 = Debug|Any CPU
		{FC0A9040-7BAF-4524-B398-8C7A1C7DDEE9}.Debug|iPhone.ActiveCfg = Debug|Any CPU
		{FC0A9040-7BAF-4524-B398-8C7A1C7DDEE9}.Debug|iPhone.Build.0 = Debug|Any CPU
		{FC0A9040-7BAF-4524-B398-8C7A1C7DDEE9}.Debug|iPhoneSimulator.ActiveCfg = Debug|Any CPU
		{FC0A9040-7BAF-4524-B398-8C7A1C7DDEE9}.Debug|iPhoneSimulator.Build.0 = Debug|Any CPU
		{FC0A9040-7BAF-4524-B398-8C7A1C7DDEE9}.Release|Any CPU.ActiveCfg = Release|Any CPU
		{FC0A9040-7BAF-4524-B398-8C7A1C7DDEE9}.Release|Any CPU.Build.0 = Release|Any CPU
		{FC0A9040-7BAF-4524-B398-8C7A1C7DDEE9}.Release|iPhone.ActiveCfg = Release|Any CPU
		{FC0A9040-7BAF-4524-B398-8C7A1C7DDEE9}.Release|iPhone.Build.0 = Release|Any CPU
		{FC0A9040-7BAF-4524-B398-8C7A1C7DDEE9}.Release|iPhoneSimulator.ActiveCfg = Release|Any CPU
		{FC0A9040-7BAF-4524-B398-8C7A1C7DDEE9}.Release|iPhoneSimulator.Build.0 = Release|Any CPU
		{7809CB42-8FED-4BB7-8C68-7638357B94A6}.Debug|Any CPU.ActiveCfg = Debug|Any CPU
		{7809CB42-8FED-4BB7-8C68-7638357B94A6}.Debug|Any CPU.Build.0 = Debug|Any CPU
		{7809CB42-8FED-4BB7-8C68-7638357B94A6}.Debug|iPhone.ActiveCfg = Debug|Any CPU
		{7809CB42-8FED-4BB7-8C68-7638357B94A6}.Debug|iPhone.Build.0 = Debug|Any CPU
		{7809CB42-8FED-4BB7-8C68-7638357B94A6}.Debug|iPhoneSimulator.ActiveCfg = Debug|Any CPU
		{7809CB42-8FED-4BB7-8C68-7638357B94A6}.Debug|iPhoneSimulator.Build.0 = Debug|Any CPU
		{7809CB42-8FED-4BB7-8C68-7638357B94A6}.Release|Any CPU.ActiveCfg = Release|Any CPU
		{7809CB42-8FED-4BB7-8C68-7638357B94A6}.Release|Any CPU.Build.0 = Release|Any CPU
		{7809CB42-8FED-4BB7-8C68-7638357B94A6}.Release|iPhone.ActiveCfg = Release|Any CPU
		{7809CB42-8FED-4BB7-8C68-7638357B94A6}.Release|iPhone.Build.0 = Release|Any CPU
		{7809CB42-8FED-4BB7-8C68-7638357B94A6}.Release|iPhoneSimulator.ActiveCfg = Release|Any CPU
		{7809CB42-8FED-4BB7-8C68-7638357B94A6}.Release|iPhoneSimulator.Build.0 = Release|Any CPU
		{4C728441-4C3D-4AE4-9C0F-EA91E2C70965}.Debug|Any CPU.ActiveCfg = Debug|Any CPU
		{4C728441-4C3D-4AE4-9C0F-EA91E2C70965}.Debug|Any CPU.Build.0 = Debug|Any CPU
		{4C728441-4C3D-4AE4-9C0F-EA91E2C70965}.Debug|iPhone.ActiveCfg = Debug|Any CPU
		{4C728441-4C3D-4AE4-9C0F-EA91E2C70965}.Debug|iPhone.Build.0 = Debug|Any CPU
		{4C728441-4C3D-4AE4-9C0F-EA91E2C70965}.Debug|iPhoneSimulator.ActiveCfg = Debug|Any CPU
		{4C728441-4C3D-4AE4-9C0F-EA91E2C70965}.Debug|iPhoneSimulator.Build.0 = Debug|Any CPU
		{4C728441-4C3D-4AE4-9C0F-EA91E2C70965}.Release|Any CPU.ActiveCfg = Release|Any CPU
		{4C728441-4C3D-4AE4-9C0F-EA91E2C70965}.Release|Any CPU.Build.0 = Release|Any CPU
		{4C728441-4C3D-4AE4-9C0F-EA91E2C70965}.Release|iPhone.ActiveCfg = Release|Any CPU
		{4C728441-4C3D-4AE4-9C0F-EA91E2C70965}.Release|iPhone.Build.0 = Release|Any CPU
		{4C728441-4C3D-4AE4-9C0F-EA91E2C70965}.Release|iPhoneSimulator.ActiveCfg = Release|Any CPU
		{4C728441-4C3D-4AE4-9C0F-EA91E2C70965}.Release|iPhoneSimulator.Build.0 = Release|Any CPU
		{0309CF11-621A-4F23-8FBA-A583303A8531}.Debug|Any CPU.ActiveCfg = Debug|Any CPU
		{0309CF11-621A-4F23-8FBA-A583303A8531}.Debug|Any CPU.Build.0 = Debug|Any CPU
		{0309CF11-621A-4F23-8FBA-A583303A8531}.Debug|iPhone.ActiveCfg = Debug|Any CPU
		{0309CF11-621A-4F23-8FBA-A583303A8531}.Debug|iPhone.Build.0 = Debug|Any CPU
		{0309CF11-621A-4F23-8FBA-A583303A8531}.Debug|iPhoneSimulator.ActiveCfg = Debug|Any CPU
		{0309CF11-621A-4F23-8FBA-A583303A8531}.Debug|iPhoneSimulator.Build.0 = Debug|Any CPU
		{0309CF11-621A-4F23-8FBA-A583303A8531}.Release|Any CPU.ActiveCfg = Release|Any CPU
		{0309CF11-621A-4F23-8FBA-A583303A8531}.Release|Any CPU.Build.0 = Release|Any CPU
		{0309CF11-621A-4F23-8FBA-A583303A8531}.Release|iPhone.ActiveCfg = Release|Any CPU
		{0309CF11-621A-4F23-8FBA-A583303A8531}.Release|iPhone.Build.0 = Release|Any CPU
		{0309CF11-621A-4F23-8FBA-A583303A8531}.Release|iPhoneSimulator.ActiveCfg = Release|Any CPU
		{0309CF11-621A-4F23-8FBA-A583303A8531}.Release|iPhoneSimulator.Build.0 = Release|Any CPU
		{9E4B69EE-34E6-47CF-8346-2A66D1714FCD}.Debug|Any CPU.ActiveCfg = Debug|Any CPU
		{9E4B69EE-34E6-47CF-8346-2A66D1714FCD}.Debug|Any CPU.Build.0 = Debug|Any CPU
		{9E4B69EE-34E6-47CF-8346-2A66D1714FCD}.Debug|iPhone.ActiveCfg = Debug|Any CPU
		{9E4B69EE-34E6-47CF-8346-2A66D1714FCD}.Debug|iPhone.Build.0 = Debug|Any CPU
		{9E4B69EE-34E6-47CF-8346-2A66D1714FCD}.Debug|iPhoneSimulator.ActiveCfg = Debug|Any CPU
		{9E4B69EE-34E6-47CF-8346-2A66D1714FCD}.Debug|iPhoneSimulator.Build.0 = Debug|Any CPU
		{9E4B69EE-34E6-47CF-8346-2A66D1714FCD}.Release|Any CPU.ActiveCfg = Release|Any CPU
		{9E4B69EE-34E6-47CF-8346-2A66D1714FCD}.Release|Any CPU.Build.0 = Release|Any CPU
		{9E4B69EE-34E6-47CF-8346-2A66D1714FCD}.Release|iPhone.ActiveCfg = Release|Any CPU
		{9E4B69EE-34E6-47CF-8346-2A66D1714FCD}.Release|iPhone.Build.0 = Release|Any CPU
		{9E4B69EE-34E6-47CF-8346-2A66D1714FCD}.Release|iPhoneSimulator.ActiveCfg = Release|Any CPU
		{9E4B69EE-34E6-47CF-8346-2A66D1714FCD}.Release|iPhoneSimulator.Build.0 = Release|Any CPU
	EndGlobalSection
	GlobalSection(SolutionProperties) = preSolution
		HideSolutionNode = FALSE
	EndGlobalSection
	GlobalSection(ExtensibilityGlobals) = postSolution
		SolutionGuid = {27D12E10-E38E-4ECE-8DD1-77E8C387B2DD}
	EndGlobalSection
	GlobalSection(NestedProjects) = preSolution
		{A95175BB-95D0-44B4-8B82-EABD166943DA} = {454655D7-6244-47A2-A379-3D019FBD6DD2}
		{5307589D-87A1-459B-BBD2-1077AA25EB1E} = {454655D7-6244-47A2-A379-3D019FBD6DD2}
		{55AB973D-ECA0-422B-B367-24BC47DA081B} = {5307589D-87A1-459B-BBD2-1077AA25EB1E}
		{6BEB95A6-0673-4AF5-892E-9146FF8B0948} = {5307589D-87A1-459B-BBD2-1077AA25EB1E}
		{FC0A9040-7BAF-4524-B398-8C7A1C7DDEE9} = {5307589D-87A1-459B-BBD2-1077AA25EB1E}
		{6E3EBF71-8664-49D7-BD0D-2B21B3EEC540} = {5307589D-87A1-459B-BBD2-1077AA25EB1E}
		{139F6FAA-EF59-4ADC-A69B-33CA7D1C1D4E} = {454655D7-6244-47A2-A379-3D019FBD6DD2}
		{4C728441-4C3D-4AE4-9C0F-EA91E2C70965} = {139F6FAA-EF59-4ADC-A69B-33CA7D1C1D4E}
		{7809CB42-8FED-4BB7-8C68-7638357B94A6} = {139F6FAA-EF59-4ADC-A69B-33CA7D1C1D4E}
		{9E4B69EE-34E6-47CF-8346-2A66D1714FCD} = {139F6FAA-EF59-4ADC-A69B-33CA7D1C1D4E}
		{0309CF11-621A-4F23-8FBA-A583303A8531} = {139F6FAA-EF59-4ADC-A69B-33CA7D1C1D4E}
		{7AA1DB5D-78DB-4693-AE50-D6078F5A0CAB} = {5307589D-87A1-459B-BBD2-1077AA25EB1E}
		{48783186-230D-4048-A97A-E4F1DF43BF5C} = {139F6FAA-EF59-4ADC-A69B-33CA7D1C1D4E}
	EndGlobalSection
EndGlobal
