
Microsoft Visual Studio Solution File, Format Version 12.00
# Visual Studio 15
VisualStudioVersion = 15.0.26228.9
MinimumVisualStudioVersion = 10.0.40219.1
Project("{FAE04EC0-301F-11D3-BF4B-00C04F79EFBC}") = "osu.Framework", "osu.Framework\osu.Framework.csproj", "{C76BF5B3-985E-4D39-95FE-97C9C879B83A}"
EndProject
Project("{FAE04EC0-301F-11D3-BF4B-00C04F79EFBC}") = "osu.Framework.Desktop", "osu.Framework.Desktop\osu.Framework.Desktop.csproj", "{65DC628F-A640-4111-AB35-3A5652BC1E17}"
EndProject
Project("{FAE04EC0-301F-11D3-BF4B-00C04F79EFBC}") = "SampleGame", "SampleGame\SampleGame.csproj", "{2A66DD92-ADB1-4994-89E2-C94E04ACDA0D}"
EndProject
Project("{FAE04EC0-301F-11D3-BF4B-00C04F79EFBC}") = "osu.Framework.Tests", "osu.Framework.Tests\osu.Framework.Tests.csproj", "{79803407-6F50-484F-93F5-641911EABD8A}"
EndProject
Project("{FAE04EC0-301F-11D3-BF4B-00C04F79EFBC}") = "osu.Framework.VisualTests", "osu.Framework.VisualTests\osu.Framework.VisualTests.csproj", "{1F02F11C-2C66-4D25-BBB5-5C752AAD3E62}"
EndProject
Project("{FAE04EC0-301F-11D3-BF4B-00C04F79EFBC}") = "osu.Framework.Desktop.Tests", "osu.Framework.Desktop.Tests\osu.Framework.Desktop.Tests.csproj", "{46C1D3D0-EA66-4488-A186-621A36B9F0D5}"
EndProject
Project("{FAE04EC0-301F-11D3-BF4B-00C04F79EFBC}") = "osu.Framework.Testing", "osu.Framework.Testing\osu.Framework.Testing.csproj", "{007B2356-AB6F-4BD9-96D5-116FC2DCE69A}"
EndProject
Project("{2150E333-8FDC-42A3-9474-1A3956D46DE8}") = "Tests", "Tests", "{46CA05F7-5AC2-4A96-B065-FB6CB4E4D204}"
EndProject
Project("{2150E333-8FDC-42A3-9474-1A3956D46DE8}") = "Framework", "Framework", "{02639B6E-A6E6-41BA-AF02-475E5C2DCB0A}"
EndProject
Project("{2150E333-8FDC-42A3-9474-1A3956D46DE8}") = "Samples", "Samples", "{7E37215E-3CD2-4157-8DBD-51306E8D768E}"
EndProject
Global
	GlobalSection(SolutionConfigurationPlatforms) = preSolution
		Debug|Any CPU = Debug|Any CPU
		Release|Any CPU = Release|Any CPU
	EndGlobalSection
	GlobalSection(ProjectConfigurationPlatforms) = postSolution
		{C76BF5B3-985E-4D39-95FE-97C9C879B83A}.Debug|Any CPU.ActiveCfg = Debug|Any CPU
		{C76BF5B3-985E-4D39-95FE-97C9C879B83A}.Debug|Any CPU.Build.0 = Debug|Any CPU
		{C76BF5B3-985E-4D39-95FE-97C9C879B83A}.Release|Any CPU.ActiveCfg = Release|Any CPU
		{C76BF5B3-985E-4D39-95FE-97C9C879B83A}.Release|Any CPU.Build.0 = Release|Any CPU
		{65DC628F-A640-4111-AB35-3A5652BC1E17}.Debug|Any CPU.ActiveCfg = Debug|Any CPU
		{65DC628F-A640-4111-AB35-3A5652BC1E17}.Debug|Any CPU.Build.0 = Debug|Any CPU
		{65DC628F-A640-4111-AB35-3A5652BC1E17}.Release|Any CPU.ActiveCfg = Release|Any CPU
		{65DC628F-A640-4111-AB35-3A5652BC1E17}.Release|Any CPU.Build.0 = Release|Any CPU
		{2A66DD92-ADB1-4994-89E2-C94E04ACDA0D}.Debug|Any CPU.ActiveCfg = Debug|Any CPU
		{2A66DD92-ADB1-4994-89E2-C94E04ACDA0D}.Debug|Any CPU.Build.0 = Debug|Any CPU
		{2A66DD92-ADB1-4994-89E2-C94E04ACDA0D}.Release|Any CPU.ActiveCfg = Release|Any CPU
		{2A66DD92-ADB1-4994-89E2-C94E04ACDA0D}.Release|Any CPU.Build.0 = Release|Any CPU
		{79803407-6F50-484F-93F5-641911EABD8A}.Debug|Any CPU.ActiveCfg = Debug|Any CPU
		{79803407-6F50-484F-93F5-641911EABD8A}.Debug|Any CPU.Build.0 = Debug|Any CPU
		{79803407-6F50-484F-93F5-641911EABD8A}.Release|Any CPU.ActiveCfg = Release|Any CPU
		{79803407-6F50-484F-93F5-641911EABD8A}.Release|Any CPU.Build.0 = Release|Any CPU
		{1F02F11C-2C66-4D25-BBB5-5C752AAD3E62}.Debug|Any CPU.ActiveCfg = Debug|Any CPU
		{1F02F11C-2C66-4D25-BBB5-5C752AAD3E62}.Debug|Any CPU.Build.0 = Debug|Any CPU
		{1F02F11C-2C66-4D25-BBB5-5C752AAD3E62}.Release|Any CPU.ActiveCfg = Release|Any CPU
		{1F02F11C-2C66-4D25-BBB5-5C752AAD3E62}.Release|Any CPU.Build.0 = Release|Any CPU
		{46C1D3D0-EA66-4488-A186-621A36B9F0D5}.Debug|Any CPU.ActiveCfg = Debug|Any CPU
		{46C1D3D0-EA66-4488-A186-621A36B9F0D5}.Debug|Any CPU.Build.0 = Debug|Any CPU
		{46C1D3D0-EA66-4488-A186-621A36B9F0D5}.Release|Any CPU.ActiveCfg = Release|Any CPU
		{46C1D3D0-EA66-4488-A186-621A36B9F0D5}.Release|Any CPU.Build.0 = Release|Any CPU
		{007B2356-AB6F-4BD9-96D5-116FC2DCE69A}.Debug|Any CPU.ActiveCfg = Debug|Any CPU
		{007B2356-AB6F-4BD9-96D5-116FC2DCE69A}.Debug|Any CPU.Build.0 = Debug|Any CPU
		{007B2356-AB6F-4BD9-96D5-116FC2DCE69A}.Release|Any CPU.ActiveCfg = Release|Any CPU
		{007B2356-AB6F-4BD9-96D5-116FC2DCE69A}.Release|Any CPU.Build.0 = Release|Any CPU
	EndGlobalSection
	GlobalSection(SolutionProperties) = preSolution
		HideSolutionNode = FALSE
	EndGlobalSection
	GlobalSection(NestedProjects) = preSolution
		{C76BF5B3-985E-4D39-95FE-97C9C879B83A} = {02639B6E-A6E6-41BA-AF02-475E5C2DCB0A}
		{65DC628F-A640-4111-AB35-3A5652BC1E17} = {02639B6E-A6E6-41BA-AF02-475E5C2DCB0A}
		{2A66DD92-ADB1-4994-89E2-C94E04ACDA0D} = {7E37215E-3CD2-4157-8DBD-51306E8D768E}
		{79803407-6F50-484F-93F5-641911EABD8A} = {46CA05F7-5AC2-4A96-B065-FB6CB4E4D204}
		{1F02F11C-2C66-4D25-BBB5-5C752AAD3E62} = {46CA05F7-5AC2-4A96-B065-FB6CB4E4D204}
		{46C1D3D0-EA66-4488-A186-621A36B9F0D5} = {46CA05F7-5AC2-4A96-B065-FB6CB4E4D204}
		{007B2356-AB6F-4BD9-96D5-116FC2DCE69A} = {02639B6E-A6E6-41BA-AF02-475E5C2DCB0A}
	EndGlobalSection
	GlobalSection(MonoDevelopProperties) = preSolution
		Policies = $0
		$0.TextStylePolicy = $1
		$1.EolMarker = Windows
		$1.inheritsSet = VisualStudio
		$1.inheritsScope = text/plain
		$1.scope = text/x-csharp
		$0.CSharpFormattingPolicy = $2
		$2.IndentSwitchSection = True
		$2.NewLinesForBracesInProperties = True
		$2.NewLinesForBracesInAccessors = True
		$2.NewLinesForBracesInAnonymousMethods = True
		$2.NewLinesForBracesInControlBlocks = True
		$2.NewLinesForBracesInAnonymousTypes = True
		$2.NewLinesForBracesInObjectCollectionArrayInitializers = True
		$2.NewLinesForBracesInLambdaExpressionBody = True
		$2.NewLineForElse = True
		$2.NewLineForCatch = True
		$2.NewLineForFinally = True
		$2.NewLineForMembersInObjectInit = True
		$2.NewLineForMembersInAnonymousTypes = True
		$2.NewLineForClausesInQuery = True
		$2.SpacingAfterMethodDeclarationName = False
		$2.SpaceAfterMethodCallName = False
		$2.SpaceBeforeOpenSquareBracket = False
		$2.inheritsSet = Mono
		$2.inheritsScope = text/x-csharp
		$2.scope = text/x-csharp
	EndGlobalSection
EndGlobal
