
Microsoft Visual Studio Solution File, Format Version 12.00
# Visual Studio 15
VisualStudioVersion = 15.0.27004.2002
MinimumVisualStudioVersion = 10.0.40219.1
Project("{FAE04EC0-301F-11D3-BF4B-00C04F79EFBC}") = "osu.Framework", "osu.Framework\osu.Framework.csproj", "{C76BF5B3-985E-4D39-95FE-97C9C879B83A}"
EndProject
Project("{FAE04EC0-301F-11D3-BF4B-00C04F79EFBC}") = "SampleGame.Desktop", "SampleGame.Desktop\SampleGame.Desktop.csproj", "{D40576F5-690E-4384-8721-0B06A3292FB4}"
EndProject
Project("{FAE04EC0-301F-11D3-BF4B-00C04F79EFBC}") = "SampleGame", "SampleGame\SampleGame.csproj", "{E3882853-43D1-4603-AD33-D9D59C8A8692}"
EndProject
Project("{FAE04EC0-301F-11D3-BF4B-00C04F79EFBC}") = "osu.Framework.iOS", "osu.Framework.iOS\osu.Framework.iOS.csproj", "{BBC0D18F-8595-43A6-AE61-5BF36A072CCE}"
EndProject
Project("{9344BDBB-3E7F-41FC-A0DD-8665D75EE146}") = "osu.Framework.Tests", "osu.Framework.Tests\osu.Framework.Tests.csproj", "{F3691CB0-2078-4E90-A5E7-29075A8F4E79}"
EndProject
Project("{9344BDBB-3E7F-41FC-A0DD-8665D75EE146}") = "SampleGame.Android", "SampleGame.Android\SampleGame.Android.csproj", "{A081866F-C691-4283-8B69-777073E23EB3}"
EndProject
Project("{9344BDBB-3E7F-41FC-A0DD-8665D75EE146}") = "osu.Framework.Android", "osu.Framework.Android\osu.Framework.Android.csproj", "{1E0F98A7-5187-4B07-AB7C-48A666D137C7}"
EndProject
Project("{FAE04EC0-301F-11D3-BF4B-00C04F79EFBC}") = "SampleGame.iOS", "SampleGame.iOS\SampleGame.iOS.csproj", "{529D5E2E-774A-4831-9C9E-59E3E8DFF155}"
EndProject
Global
	GlobalSection(SolutionConfigurationPlatforms) = preSolution
		Debug|Any CPU = Debug|Any CPU
		Release|Any CPU = Release|Any CPU
		Debug|iPhoneSimulator = Debug|iPhoneSimulator
		Release|iPhone = Release|iPhone
		Release|iPhoneSimulator = Release|iPhoneSimulator
		Debug|iPhone = Debug|iPhone
	EndGlobalSection
	GlobalSection(ProjectConfigurationPlatforms) = postSolution
		{C76BF5B3-985E-4D39-95FE-97C9C879B83A}.Debug|Any CPU.ActiveCfg = Debug|Any CPU
		{C76BF5B3-985E-4D39-95FE-97C9C879B83A}.Debug|Any CPU.Build.0 = Debug|Any CPU
		{C76BF5B3-985E-4D39-95FE-97C9C879B83A}.Release|Any CPU.ActiveCfg = Release|Any CPU
		{C76BF5B3-985E-4D39-95FE-97C9C879B83A}.Release|Any CPU.Build.0 = Release|Any CPU
		{C76BF5B3-985E-4D39-95FE-97C9C879B83A}.Debug|iPhoneSimulator.ActiveCfg = Debug|Any CPU
		{C76BF5B3-985E-4D39-95FE-97C9C879B83A}.Debug|iPhoneSimulator.Build.0 = Debug|Any CPU
		{C76BF5B3-985E-4D39-95FE-97C9C879B83A}.Release|iPhone.ActiveCfg = Release|Any CPU
		{C76BF5B3-985E-4D39-95FE-97C9C879B83A}.Release|iPhone.Build.0 = Release|Any CPU
		{C76BF5B3-985E-4D39-95FE-97C9C879B83A}.Release|iPhoneSimulator.ActiveCfg = Release|Any CPU
		{C76BF5B3-985E-4D39-95FE-97C9C879B83A}.Release|iPhoneSimulator.Build.0 = Release|Any CPU
		{C76BF5B3-985E-4D39-95FE-97C9C879B83A}.Debug|iPhone.ActiveCfg = Debug|Any CPU
		{C76BF5B3-985E-4D39-95FE-97C9C879B83A}.Debug|iPhone.Build.0 = Debug|Any CPU
		{D40576F5-690E-4384-8721-0B06A3292FB4}.Debug|Any CPU.ActiveCfg = Debug|Any CPU
		{D40576F5-690E-4384-8721-0B06A3292FB4}.Debug|Any CPU.Build.0 = Debug|Any CPU
		{D40576F5-690E-4384-8721-0B06A3292FB4}.Release|Any CPU.ActiveCfg = Release|Any CPU
		{D40576F5-690E-4384-8721-0B06A3292FB4}.Release|Any CPU.Build.0 = Release|Any CPU
		{D40576F5-690E-4384-8721-0B06A3292FB4}.Debug|iPhoneSimulator.ActiveCfg = Debug|Any CPU
		{D40576F5-690E-4384-8721-0B06A3292FB4}.Debug|iPhoneSimulator.Build.0 = Debug|Any CPU
		{D40576F5-690E-4384-8721-0B06A3292FB4}.Release|iPhone.ActiveCfg = Release|Any CPU
		{D40576F5-690E-4384-8721-0B06A3292FB4}.Release|iPhone.Build.0 = Release|Any CPU
		{D40576F5-690E-4384-8721-0B06A3292FB4}.Release|iPhoneSimulator.ActiveCfg = Release|Any CPU
		{D40576F5-690E-4384-8721-0B06A3292FB4}.Release|iPhoneSimulator.Build.0 = Release|Any CPU
		{D40576F5-690E-4384-8721-0B06A3292FB4}.Debug|iPhone.ActiveCfg = Debug|Any CPU
		{D40576F5-690E-4384-8721-0B06A3292FB4}.Debug|iPhone.Build.0 = Debug|Any CPU
		{E3882853-43D1-4603-AD33-D9D59C8A8692}.Debug|Any CPU.ActiveCfg = Debug|Any CPU
		{E3882853-43D1-4603-AD33-D9D59C8A8692}.Debug|Any CPU.Build.0 = Debug|Any CPU
		{E3882853-43D1-4603-AD33-D9D59C8A8692}.Release|Any CPU.ActiveCfg = Release|Any CPU
		{E3882853-43D1-4603-AD33-D9D59C8A8692}.Release|Any CPU.Build.0 = Release|Any CPU
		{E3882853-43D1-4603-AD33-D9D59C8A8692}.Debug|iPhoneSimulator.ActiveCfg = Debug|Any CPU
		{E3882853-43D1-4603-AD33-D9D59C8A8692}.Debug|iPhoneSimulator.Build.0 = Debug|Any CPU
		{E3882853-43D1-4603-AD33-D9D59C8A8692}.Release|iPhone.ActiveCfg = Release|Any CPU
		{E3882853-43D1-4603-AD33-D9D59C8A8692}.Release|iPhone.Build.0 = Release|Any CPU
		{E3882853-43D1-4603-AD33-D9D59C8A8692}.Release|iPhoneSimulator.ActiveCfg = Release|Any CPU
		{E3882853-43D1-4603-AD33-D9D59C8A8692}.Release|iPhoneSimulator.Build.0 = Release|Any CPU
		{E3882853-43D1-4603-AD33-D9D59C8A8692}.Debug|iPhone.ActiveCfg = Debug|Any CPU
		{E3882853-43D1-4603-AD33-D9D59C8A8692}.Debug|iPhone.Build.0 = Debug|Any CPU
		{BBC0D18F-8595-43A6-AE61-5BF36A072CCE}.Debug|Any CPU.ActiveCfg = Debug|Any CPU
		{BBC0D18F-8595-43A6-AE61-5BF36A072CCE}.Debug|Any CPU.Build.0 = Debug|Any CPU
		{BBC0D18F-8595-43A6-AE61-5BF36A072CCE}.Release|Any CPU.ActiveCfg = Release|Any CPU
		{BBC0D18F-8595-43A6-AE61-5BF36A072CCE}.Release|Any CPU.Build.0 = Release|Any CPU
		{BBC0D18F-8595-43A6-AE61-5BF36A072CCE}.Debug|iPhoneSimulator.ActiveCfg = Debug|Any CPU
		{BBC0D18F-8595-43A6-AE61-5BF36A072CCE}.Debug|iPhoneSimulator.Build.0 = Debug|Any CPU
		{BBC0D18F-8595-43A6-AE61-5BF36A072CCE}.Release|iPhone.ActiveCfg = Release|Any CPU
		{BBC0D18F-8595-43A6-AE61-5BF36A072CCE}.Release|iPhone.Build.0 = Release|Any CPU
		{BBC0D18F-8595-43A6-AE61-5BF36A072CCE}.Release|iPhoneSimulator.ActiveCfg = Release|Any CPU
		{BBC0D18F-8595-43A6-AE61-5BF36A072CCE}.Release|iPhoneSimulator.Build.0 = Release|Any CPU
		{BBC0D18F-8595-43A6-AE61-5BF36A072CCE}.Debug|iPhone.ActiveCfg = Debug|Any CPU
		{BBC0D18F-8595-43A6-AE61-5BF36A072CCE}.Debug|iPhone.Build.0 = Debug|Any CPU
		{F3691CB0-2078-4E90-A5E7-29075A8F4E79}.Debug|Any CPU.ActiveCfg = Debug|Any CPU
		{F3691CB0-2078-4E90-A5E7-29075A8F4E79}.Debug|Any CPU.Build.0 = Debug|Any CPU
		{F3691CB0-2078-4E90-A5E7-29075A8F4E79}.Release|Any CPU.ActiveCfg = Release|Any CPU
		{F3691CB0-2078-4E90-A5E7-29075A8F4E79}.Release|Any CPU.Build.0 = Release|Any CPU
		{F3691CB0-2078-4E90-A5E7-29075A8F4E79}.Debug|iPhoneSimulator.ActiveCfg = Debug|Any CPU
		{F3691CB0-2078-4E90-A5E7-29075A8F4E79}.Debug|iPhoneSimulator.Build.0 = Debug|Any CPU
		{F3691CB0-2078-4E90-A5E7-29075A8F4E79}.Release|iPhone.ActiveCfg = Release|Any CPU
		{F3691CB0-2078-4E90-A5E7-29075A8F4E79}.Release|iPhone.Build.0 = Release|Any CPU
		{F3691CB0-2078-4E90-A5E7-29075A8F4E79}.Release|iPhoneSimulator.ActiveCfg = Release|Any CPU
		{F3691CB0-2078-4E90-A5E7-29075A8F4E79}.Release|iPhoneSimulator.Build.0 = Release|Any CPU
		{F3691CB0-2078-4E90-A5E7-29075A8F4E79}.Debug|iPhone.ActiveCfg = Debug|Any CPU
		{F3691CB0-2078-4E90-A5E7-29075A8F4E79}.Debug|iPhone.Build.0 = Debug|Any CPU
		{A081866F-C691-4283-8B69-777073E23EB3}.Debug|Any CPU.ActiveCfg = Debug|Any CPU
		{A081866F-C691-4283-8B69-777073E23EB3}.Debug|Any CPU.Build.0 = Debug|Any CPU
		{A081866F-C691-4283-8B69-777073E23EB3}.Release|Any CPU.ActiveCfg = Release|Any CPU
		{A081866F-C691-4283-8B69-777073E23EB3}.Release|Any CPU.Build.0 = Release|Any CPU
		{A081866F-C691-4283-8B69-777073E23EB3}.Debug|iPhoneSimulator.ActiveCfg = Debug|Any CPU
		{A081866F-C691-4283-8B69-777073E23EB3}.Debug|iPhoneSimulator.Build.0 = Debug|Any CPU
		{A081866F-C691-4283-8B69-777073E23EB3}.Release|iPhone.ActiveCfg = Release|Any CPU
		{A081866F-C691-4283-8B69-777073E23EB3}.Release|iPhone.Build.0 = Release|Any CPU
		{A081866F-C691-4283-8B69-777073E23EB3}.Release|iPhoneSimulator.ActiveCfg = Release|Any CPU
		{A081866F-C691-4283-8B69-777073E23EB3}.Release|iPhoneSimulator.Build.0 = Release|Any CPU
		{A081866F-C691-4283-8B69-777073E23EB3}.Debug|iPhone.ActiveCfg = Debug|Any CPU
		{A081866F-C691-4283-8B69-777073E23EB3}.Debug|iPhone.Build.0 = Debug|Any CPU
		{1E0F98A7-5187-4B07-AB7C-48A666D137C7}.Debug|Any CPU.ActiveCfg = Debug|Any CPU
		{1E0F98A7-5187-4B07-AB7C-48A666D137C7}.Debug|Any CPU.Build.0 = Debug|Any CPU
		{1E0F98A7-5187-4B07-AB7C-48A666D137C7}.Release|Any CPU.ActiveCfg = Release|Any CPU
		{1E0F98A7-5187-4B07-AB7C-48A666D137C7}.Release|Any CPU.Build.0 = Release|Any CPU
		{1E0F98A7-5187-4B07-AB7C-48A666D137C7}.Debug|iPhoneSimulator.ActiveCfg = Debug|Any CPU
		{1E0F98A7-5187-4B07-AB7C-48A666D137C7}.Debug|iPhoneSimulator.Build.0 = Debug|Any CPU
		{1E0F98A7-5187-4B07-AB7C-48A666D137C7}.Release|iPhone.ActiveCfg = Release|Any CPU
		{1E0F98A7-5187-4B07-AB7C-48A666D137C7}.Release|iPhone.Build.0 = Release|Any CPU
		{1E0F98A7-5187-4B07-AB7C-48A666D137C7}.Release|iPhoneSimulator.ActiveCfg = Release|Any CPU
		{1E0F98A7-5187-4B07-AB7C-48A666D137C7}.Release|iPhoneSimulator.Build.0 = Release|Any CPU
		{1E0F98A7-5187-4B07-AB7C-48A666D137C7}.Debug|iPhone.ActiveCfg = Debug|Any CPU
		{1E0F98A7-5187-4B07-AB7C-48A666D137C7}.Debug|iPhone.Build.0 = Debug|Any CPU
		{529D5E2E-774A-4831-9C9E-59E3E8DFF155}.Debug|Any CPU.ActiveCfg = Debug|iPhoneSimulator
		{529D5E2E-774A-4831-9C9E-59E3E8DFF155}.Debug|Any CPU.Build.0 = Debug|iPhoneSimulator
		{529D5E2E-774A-4831-9C9E-59E3E8DFF155}.Release|Any CPU.ActiveCfg = Release|iPhone
		{529D5E2E-774A-4831-9C9E-59E3E8DFF155}.Release|Any CPU.Build.0 = Release|iPhone
		{529D5E2E-774A-4831-9C9E-59E3E8DFF155}.Debug|iPhoneSimulator.ActiveCfg = Debug|iPhoneSimulator
		{529D5E2E-774A-4831-9C9E-59E3E8DFF155}.Debug|iPhoneSimulator.Build.0 = Debug|iPhoneSimulator
		{529D5E2E-774A-4831-9C9E-59E3E8DFF155}.Release|iPhone.ActiveCfg = Release|iPhone
		{529D5E2E-774A-4831-9C9E-59E3E8DFF155}.Release|iPhone.Build.0 = Release|iPhone
		{529D5E2E-774A-4831-9C9E-59E3E8DFF155}.Release|iPhoneSimulator.ActiveCfg = Release|iPhoneSimulator
		{529D5E2E-774A-4831-9C9E-59E3E8DFF155}.Release|iPhoneSimulator.Build.0 = Release|iPhoneSimulator
		{529D5E2E-774A-4831-9C9E-59E3E8DFF155}.Debug|iPhone.ActiveCfg = Debug|iPhone
		{529D5E2E-774A-4831-9C9E-59E3E8DFF155}.Debug|iPhone.Build.0 = Debug|iPhone
	EndGlobalSection
EndGlobal
