
Microsoft Visual Studio Solution File, Format Version 12.00
# Visual Studio 15
VisualStudioVersion = 15.0.27004.2002
MinimumVisualStudioVersion = 10.0.40219.1
Project("{FAE04EC0-301F-11D3-BF4B-00C04F79EFBC}") = "osu.Framework", "osu.Framework\osu.Framework.csproj", "{C76BF5B3-985E-4D39-95FE-97C9C879B83A}"
EndProject
Project("{FAE04EC0-301F-11D3-BF4B-00C04F79EFBC}") = "SampleGame", "SampleGame\SampleGame.csproj", "{E3882853-43D1-4603-AD33-D9D59C8A8692}"
EndProject
Project("{FAE04EC0-301F-11D3-BF4B-00C04F79EFBC}") = "osu.Framework.iOS", "osu.Framework.iOS\osu.Framework.iOS.csproj", "{BBC0D18F-8595-43A6-AE61-5BF36A072CCE}"
EndProject
Project("{FAE04EC0-301F-11D3-BF4B-00C04F79EFBC}") = "SampleGame.iOS", "SampleGame.iOS\SampleGame.iOS.csproj", "{529D5E2E-774A-4831-9C9E-59E3E8DFF155}"
EndProject
Project("{FAE04EC0-301F-11D3-BF4B-00C04F79EFBC}") = "osu.Framework.Tests.iOS", "osu.Framework.Tests.iOS\osu.Framework.Tests.iOS.csproj", "{D972753E-45FC-4B82-B017-34BDE485F1BB}"
EndProject
Project("{FAE04EC0-301F-11D3-BF4B-00C04F79EFBC}") = "osu.Framework.NativeLibs", "osu.Framework.NativeLibs\osu.Framework.NativeLibs.csproj", "{C2562AFA-04B2-40D9-BFDB-6BA2573997A1}"
EndProject
Global
	GlobalSection(SolutionConfigurationPlatforms) = preSolution
		Debug|Any CPU = Debug|Any CPU
		Release|Any CPU = Release|Any CPU
		Debug|iPhoneSimulator = Debug|iPhoneSimulator
		Release|iPhone = Release|iPhone
		Release|iPhoneSimulator = Release|iPhoneSimulator
		Debug|iPhone = Debug|iPhone
	EndGlobalSection
	GlobalSection(ProjectConfigurationPlatforms) = postSolution
		{C76BF5B3-985E-4D39-95FE-97C9C879B83A}.Debug|iPhoneSimulator.ActiveCfg = Debug|Any CPU
		{C76BF5B3-985E-4D39-95FE-97C9C879B83A}.Debug|iPhoneSimulator.Build.0 = Debug|Any CPU
		{C76BF5B3-985E-4D39-95FE-97C9C879B83A}.Release|iPhone.ActiveCfg = Release|Any CPU
		{C76BF5B3-985E-4D39-95FE-97C9C879B83A}.Release|iPhone.Build.0 = Release|Any CPU
		{C76BF5B3-985E-4D39-95FE-97C9C879B83A}.Release|iPhoneSimulator.ActiveCfg = Release|Any CPU
		{C76BF5B3-985E-4D39-95FE-97C9C879B83A}.Release|iPhoneSimulator.Build.0 = Release|Any CPU
		{C76BF5B3-985E-4D39-95FE-97C9C879B83A}.Debug|iPhone.ActiveCfg = Debug|Any CPU
		{C76BF5B3-985E-4D39-95FE-97C9C879B83A}.Debug|iPhone.Build.0 = Debug|Any CPU
		{E3882853-43D1-4603-AD33-D9D59C8A8692}.Debug|iPhoneSimulator.ActiveCfg = Debug|Any CPU
		{E3882853-43D1-4603-AD33-D9D59C8A8692}.Debug|iPhoneSimulator.Build.0 = Debug|Any CPU
		{E3882853-43D1-4603-AD33-D9D59C8A8692}.Release|iPhone.ActiveCfg = Release|Any CPU
		{E3882853-43D1-4603-AD33-D9D59C8A8692}.Release|iPhone.Build.0 = Release|Any CPU
		{E3882853-43D1-4603-AD33-D9D59C8A8692}.Release|iPhoneSimulator.ActiveCfg = Release|Any CPU
		{E3882853-43D1-4603-AD33-D9D59C8A8692}.Release|iPhoneSimulator.Build.0 = Release|Any CPU
		{E3882853-43D1-4603-AD33-D9D59C8A8692}.Debug|iPhone.ActiveCfg = Debug|Any CPU
		{E3882853-43D1-4603-AD33-D9D59C8A8692}.Debug|iPhone.Build.0 = Debug|Any CPU
		{BBC0D18F-8595-43A6-AE61-5BF36A072CCE}.Debug|iPhoneSimulator.ActiveCfg = Debug|Any CPU
		{BBC0D18F-8595-43A6-AE61-5BF36A072CCE}.Debug|iPhoneSimulator.Build.0 = Debug|Any CPU
		{BBC0D18F-8595-43A6-AE61-5BF36A072CCE}.Release|iPhone.ActiveCfg = Release|Any CPU
		{BBC0D18F-8595-43A6-AE61-5BF36A072CCE}.Release|iPhone.Build.0 = Release|Any CPU
		{BBC0D18F-8595-43A6-AE61-5BF36A072CCE}.Release|iPhoneSimulator.ActiveCfg = Release|Any CPU
		{BBC0D18F-8595-43A6-AE61-5BF36A072CCE}.Release|iPhoneSimulator.Build.0 = Release|Any CPU
		{BBC0D18F-8595-43A6-AE61-5BF36A072CCE}.Debug|iPhone.ActiveCfg = Debug|Any CPU
		{BBC0D18F-8595-43A6-AE61-5BF36A072CCE}.Debug|iPhone.Build.0 = Debug|Any CPU
		{529D5E2E-774A-4831-9C9E-59E3E8DFF155}.Debug|iPhoneSimulator.ActiveCfg = Debug|iPhoneSimulator
		{529D5E2E-774A-4831-9C9E-59E3E8DFF155}.Debug|iPhoneSimulator.Build.0 = Debug|iPhoneSimulator
		{529D5E2E-774A-4831-9C9E-59E3E8DFF155}.Release|iPhone.ActiveCfg = Release|iPhone
		{529D5E2E-774A-4831-9C9E-59E3E8DFF155}.Release|iPhone.Build.0 = Release|iPhone
		{529D5E2E-774A-4831-9C9E-59E3E8DFF155}.Release|iPhoneSimulator.ActiveCfg = Release|iPhoneSimulator
		{529D5E2E-774A-4831-9C9E-59E3E8DFF155}.Release|iPhoneSimulator.Build.0 = Release|iPhoneSimulator
		{529D5E2E-774A-4831-9C9E-59E3E8DFF155}.Debug|iPhone.ActiveCfg = Debug|iPhone
		{529D5E2E-774A-4831-9C9E-59E3E8DFF155}.Debug|iPhone.Build.0 = Debug|iPhone
		{D972753E-45FC-4B82-B017-34BDE485F1BB}.Debug|iPhoneSimulator.ActiveCfg = Debug|iPhoneSimulator
		{D972753E-45FC-4B82-B017-34BDE485F1BB}.Debug|iPhoneSimulator.Build.0 = Debug|iPhoneSimulator
		{D972753E-45FC-4B82-B017-34BDE485F1BB}.Release|iPhone.ActiveCfg = Release|iPhone
		{D972753E-45FC-4B82-B017-34BDE485F1BB}.Release|iPhone.Build.0 = Release|iPhone
		{D972753E-45FC-4B82-B017-34BDE485F1BB}.Release|iPhoneSimulator.ActiveCfg = Release|iPhoneSimulator
		{D972753E-45FC-4B82-B017-34BDE485F1BB}.Release|iPhoneSimulator.Build.0 = Release|iPhoneSimulator
		{D972753E-45FC-4B82-B017-34BDE485F1BB}.Debug|iPhone.ActiveCfg = Debug|iPhone
		{D972753E-45FC-4B82-B017-34BDE485F1BB}.Debug|iPhone.Build.0 = Debug|iPhone
		{C2562AFA-04B2-40D9-BFDB-6BA2573997A1}.Debug|Any CPU.ActiveCfg = Debug|Any CPU
		{C2562AFA-04B2-40D9-BFDB-6BA2573997A1}.Debug|Any CPU.Build.0 = Debug|Any CPU
		{C2562AFA-04B2-40D9-BFDB-6BA2573997A1}.Release|Any CPU.ActiveCfg = Release|Any CPU
		{C2562AFA-04B2-40D9-BFDB-6BA2573997A1}.Release|Any CPU.Build.0 = Release|Any CPU
		{C2562AFA-04B2-40D9-BFDB-6BA2573997A1}.Debug|iPhoneSimulator.ActiveCfg = Debug|Any CPU
		{C2562AFA-04B2-40D9-BFDB-6BA2573997A1}.Debug|iPhoneSimulator.Build.0 = Debug|Any CPU
		{C2562AFA-04B2-40D9-BFDB-6BA2573997A1}.Release|iPhone.ActiveCfg = Release|Any CPU
		{C2562AFA-04B2-40D9-BFDB-6BA2573997A1}.Release|iPhone.Build.0 = Release|Any CPU
		{C2562AFA-04B2-40D9-BFDB-6BA2573997A1}.Release|iPhoneSimulator.ActiveCfg = Release|Any CPU
		{C2562AFA-04B2-40D9-BFDB-6BA2573997A1}.Release|iPhoneSimulator.Build.0 = Release|Any CPU
		{C2562AFA-04B2-40D9-BFDB-6BA2573997A1}.Debug|iPhone.ActiveCfg = Debug|Any CPU
		{C2562AFA-04B2-40D9-BFDB-6BA2573997A1}.Debug|iPhone.Build.0 = Debug|Any CPU
	EndGlobalSection
EndGlobal
