Microsoft Visual Studio Solution File, Format Version 12.00
# Visual Studio Version 16
VisualStudioVersion = 16.0.29409.12
MinimumVisualStudioVersion = 10.0.40219.1
Project("{FAE04EC0-301F-11D3-BF4B-00C04F79EFBC}") = "FlappyDon.Desktop", "FlappyDon.Desktop\FlappyDon.Desktop.csproj", "{AEB3FC89-DC3E-4BC9-9EC7-03B72FC5D849}"
EndProject
Project("{FAE04EC0-301F-11D3-BF4B-00C04F79EFBC}") = "FlappyDon.iOS", "FlappyDon.iOS\FlappyDon.iOS.csproj", "{7AA1DB5D-78DB-4693-AE50-D6078F5A0CAB}"
EndProject
Project("{FAE04EC0-301F-11D3-BF4B-00C04F79EFBC}") = "FlappyDon.Game", "FlappyDon.Game\FlappyDon.Game.csproj", "{1ADACD09-7BE3-46A1-AEAB-C41E78E8700F}"
EndProject
Project("{FAE04EC0-301F-11D3-BF4B-00C04F79EFBC}") = "FlappyDon.Game.Tests", "FlappyDon.Game.Tests\FlappyDon.Game.Tests.csproj", "{0A9CA1A5-5147-4AA8-9B9D-87178DE5A78D}"
EndProject
Project("{FAE04EC0-301F-11D3-BF4B-00C04F79EFBC}") = "FlappyDon.Resources", "FlappyDon.Resources\FlappyDon.Resources.csproj", "{31D3872C-3A4F-437E-9655-3EF58DD62F46}"
EndProject
Project("{2150E333-8FDC-42A3-9474-1A3956D46DE8}") = "Solution Items", "Solution Items", "{9AF9C164-2A9E-4958-BB12-0FEDC40F58EC}"
	ProjectSection(SolutionItems) = preProject
		.editorconfig = .editorconfig
		Directory.Build.props = Directory.Build.props
		FlappyDon.sln.DotSettings = FlappyDon.sln.DotSettings
	EndProjectSection
EndProject
Global
	GlobalSection(SolutionConfigurationPlatforms) = preSolution
		Debug|Any CPU = Debug|Any CPU
		Release|Any CPU = Release|Any CPU
		Debug|iPhone = Debug|iPhone
		Debug|iPhoneSimulator = Debug|iPhoneSimulator
		Release|iPhone = Release|iPhone
		Release|iPhoneSimulator = Release|iPhoneSimulator
	EndGlobalSection
	GlobalSection(ProjectConfigurationPlatforms) = postSolution
		{AEB3FC89-DC3E-4BC9-9EC7-03B72FC5D849}.Debug|Any CPU.ActiveCfg = Debug|Any CPU
		{AEB3FC89-DC3E-4BC9-9EC7-03B72FC5D849}.Debug|Any CPU.Build.0 = Debug|Any CPU
		{AEB3FC89-DC3E-4BC9-9EC7-03B72FC5D849}.Release|Any CPU.ActiveCfg = Release|Any CPU
		{AEB3FC89-DC3E-4BC9-9EC7-03B72FC5D849}.Release|Any CPU.Build.0 = Release|Any CPU
		{7AA1DB5D-78DB-4693-AE50-D6078F5A0CAB}.Debug|Any CPU.ActiveCfg = Debug|iPhoneSimulator
		{7AA1DB5D-78DB-4693-AE50-D6078F5A0CAB}.Debug|iPhone.ActiveCfg = Debug|iPhone
		{7AA1DB5D-78DB-4693-AE50-D6078F5A0CAB}.Debug|iPhone.Build.0 = Debug|iPhone
		{7AA1DB5D-78DB-4693-AE50-D6078F5A0CAB}.Debug|iPhoneSimulator.ActiveCfg = Debug|iPhoneSimulator
		{7AA1DB5D-78DB-4693-AE50-D6078F5A0CAB}.Debug|iPhoneSimulator.Build.0 = Debug|iPhoneSimulator
		{7AA1DB5D-78DB-4693-AE50-D6078F5A0CAB}.Release|iPhone.ActiveCfg = Release|iPhone
		{7AA1DB5D-78DB-4693-AE50-D6078F5A0CAB}.Release|iPhone.Build.0 = Release|iPhone
		{7AA1DB5D-78DB-4693-AE50-D6078F5A0CAB}.Release|iPhoneSimulator.ActiveCfg = Release|iPhoneSimulator
		{7AA1DB5D-78DB-4693-AE50-D6078F5A0CAB}.Release|iPhoneSimulator.Build.0 = Release|iPhoneSimulator
		{1ADACD09-7BE3-46A1-AEAB-C41E78E8700F}.Debug|Any CPU.ActiveCfg = Debug|Any CPU
		{1ADACD09-7BE3-46A1-AEAB-C41E78E8700F}.Debug|Any CPU.Build.0 = Debug|Any CPU
		{1ADACD09-7BE3-46A1-AEAB-C41E78E8700F}.Release|Any CPU.ActiveCfg = Release|Any CPU
		{1ADACD09-7BE3-46A1-AEAB-C41E78E8700F}.Release|Any CPU.Build.0 = Release|Any CPU
		{1ADACD09-7BE3-46A1-AEAB-C41E78E8700F}.Debug|iPhone.ActiveCfg = Debug|Any CPU
		{1ADACD09-7BE3-46A1-AEAB-C41E78E8700F}.Debug|iPhone.Build.0 = Debug|Any CPU
		{1ADACD09-7BE3-46A1-AEAB-C41E78E8700F}.Debug|iPhoneSimulator.ActiveCfg = Debug|Any CPU
		{1ADACD09-7BE3-46A1-AEAB-C41E78E8700F}.Debug|iPhoneSimulator.Build.0 = Debug|Any CPU
		{1ADACD09-7BE3-46A1-AEAB-C41E78E8700F}.Release|iPhone.ActiveCfg = Release|Any CPU
		{1ADACD09-7BE3-46A1-AEAB-C41E78E8700F}.Release|iPhone.Build.0 = Release|Any CPU
		{1ADACD09-7BE3-46A1-AEAB-C41E78E8700F}.Release|iPhoneSimulator.ActiveCfg = Release|Any CPU
		{1ADACD09-7BE3-46A1-AEAB-C41E78E8700F}.Release|iPhoneSimulator.Build.0 = Release|Any CPU
		{0A9CA1A5-5147-4AA8-9B9D-87178DE5A78D}.Debug|Any CPU.ActiveCfg = Debug|Any CPU
		{0A9CA1A5-5147-4AA8-9B9D-87178DE5A78D}.Release|Any CPU.ActiveCfg = Release|Any CPU
		{0A9CA1A5-5147-4AA8-9B9D-87178DE5A78D}.Release|Any CPU.Build.0 = Release|Any CPU
		{0A9CA1A5-5147-4AA8-9B9D-87178DE5A78D}.Debug|Any CPU.Build.0 = Debug|Any CPU
		{31D3872C-3A4F-437E-9655-3EF58DD62F46}.Debug|Any CPU.ActiveCfg = Debug|Any CPU
		{31D3872C-3A4F-437E-9655-3EF58DD62F46}.Debug|Any CPU.Build.0 = Debug|Any CPU
		{31D3872C-3A4F-437E-9655-3EF58DD62F46}.Release|Any CPU.ActiveCfg = Release|Any CPU
		{31D3872C-3A4F-437E-9655-3EF58DD62F46}.Release|Any CPU.Build.0 = Release|Any CPU
		{31D3872C-3A4F-437E-9655-3EF58DD62F46}.Debug|iPhone.ActiveCfg = Debug|Any CPU
		{31D3872C-3A4F-437E-9655-3EF58DD62F46}.Debug|iPhone.Build.0 = Debug|Any CPU
		{31D3872C-3A4F-437E-9655-3EF58DD62F46}.Debug|iPhoneSimulator.ActiveCfg = Debug|Any CPU
		{31D3872C-3A4F-437E-9655-3EF58DD62F46}.Debug|iPhoneSimulator.Build.0 = Debug|Any CPU
		{31D3872C-3A4F-437E-9655-3EF58DD62F46}.Release|iPhone.ActiveCfg = Release|Any CPU
		{31D3872C-3A4F-437E-9655-3EF58DD62F46}.Release|iPhone.Build.0 = Release|Any CPU
		{31D3872C-3A4F-437E-9655-3EF58DD62F46}.Release|iPhoneSimulator.ActiveCfg = Release|Any CPU
		{31D3872C-3A4F-437E-9655-3EF58DD62F46}.Release|iPhoneSimulator.Build.0 = Release|Any CPU
	EndGlobalSection
	GlobalSection(SolutionProperties) = preSolution
		HideSolutionNode = FALSE
	EndGlobalSection
EndGlobal
